{
  "name": "vue-manage-system",
  "version": "5.1.0",
  "lockfileVersion": 2,
  "requires": true,
  "packages": {
    "": {
      "name": "vue-manage-system",
      "version": "5.1.0",
      "dependencies": {
        "axios": "^0.21.1",
        "element-plus": "1.0.2-beta.52",
        "vue": "^3.1.2",
        "vue-cropperjs": "^5.0.0",
        "vue-i18n": "^9.0.0",
        "vue-router": "^4.0.10",
        "vue-schart": "^2.0.0",
        "vuex": "^4.0.2",
        "wangeditor": "^4.7.4"
      },
      "devDependencies": {
        "@vitejs/plugin-vue": "^1.2.3",
        "@vue/compiler-sfc": "^3.1.2",
        "vite": "^2.3.7"
      }
    },
    "node_modules/@babel/helper-validator-identifier": {
      "version": "7.14.5",
      "license": "MIT",
      "engines": {
        "node": ">=6.9.0"
      }
    },
    "node_modules/@babel/parser": {
      "version": "7.14.7",
      "license": "MIT",
      "bin": {
        "parser": "bin/babel-parser.js"
      },
      "engines": {
        "node": ">=6.0.0"
      }
    },
    "node_modules/@babel/runtime": {
      "version": "7.14.6",
      "license": "MIT",
      "dependencies": {
        "regenerator-runtime": "^0.13.4"
      },
      "engines": {
        "node": ">=6.9.0"
      }
    },
    "node_modules/@babel/runtime-corejs3": {
      "version": "7.14.7",
      "license": "MIT",
      "dependencies": {
        "core-js-pure": "^3.15.0",
        "regenerator-runtime": "^0.13.4"
      },
      "engines": {
        "node": ">=6.9.0"
      }
    },
    "node_modules/@babel/types": {
      "version": "7.14.5",
      "license": "MIT",
      "dependencies": {
        "@babel/helper-validator-identifier": "^7.14.5",
        "to-fast-properties": "^2.0.0"
      },
      "engines": {
        "node": ">=6.9.0"
      }
    },
    "node_modules/@intlify/core-base": {
      "version": "9.1.6",
      "license": "MIT",
      "dependencies": {
        "@intlify/devtools-if": "9.1.6",
        "@intlify/message-compiler": "9.1.6",
        "@intlify/message-resolver": "9.1.6",
        "@intlify/runtime": "9.1.6",
        "@intlify/shared": "9.1.6",
        "@intlify/vue-devtools": "9.1.6"
      },
      "engines": {
        "node": ">= 10"
      }
    },
    "node_modules/@intlify/devtools-if": {
      "version": "9.1.6",
      "license": "MIT",
      "dependencies": {
        "@intlify/shared": "9.1.6"
      },
      "engines": {
        "node": ">= 10"
      }
    },
    "node_modules/@intlify/message-compiler": {
      "version": "9.1.6",
      "license": "MIT",
      "dependencies": {
        "@intlify/message-resolver": "9.1.6",
        "@intlify/shared": "9.1.6",
        "source-map": "0.6.1"
      },
      "engines": {
        "node": ">= 10"
      }
    },
    "node_modules/@intlify/message-resolver": {
      "version": "9.1.6",
      "license": "MIT",
      "engines": {
        "node": ">= 10"
      }
    },
    "node_modules/@intlify/runtime": {
      "version": "9.1.6",
      "license": "MIT",
      "dependencies": {
        "@intlify/message-compiler": "9.1.6",
        "@intlify/message-resolver": "9.1.6",
        "@intlify/shared": "9.1.6"
      },
      "engines": {
        "node": ">= 10"
      }
    },
    "node_modules/@intlify/shared": {
      "version": "9.1.6",
      "license": "MIT",
      "engines": {
        "node": ">= 10"
      }
    },
    "node_modules/@intlify/vue-devtools": {
      "version": "9.1.6",
      "license": "MIT",
      "dependencies": {
        "@intlify/message-resolver": "9.1.6",
        "@intlify/runtime": "9.1.6",
        "@intlify/shared": "9.1.6"
      },
      "engines": {
        "node": ">= 10"
      }
    },
    "node_modules/@popperjs/core": {
      "version": "2.9.2",
      "license": "MIT",
      "funding": {
        "type": "opencollective",
        "url": "https://opencollective.com/popperjs"
      }
    },
    "node_modules/@types/estree": {
      "version": "0.0.48",
      "dev": true,
      "license": "MIT"
    },
    "node_modules/@types/lodash": {
      "version": "4.14.170",
      "license": "MIT"
    },
    "node_modules/@vitejs/plugin-vue": {
      "version": "1.2.3",
      "dev": true,
      "license": "MIT",
      "engines": {
        "node": ">=12.0.0"
      },
      "peerDependencies": {
        "@vue/compiler-sfc": "^3.0.8"
      }
    },
    "node_modules/@vue/compiler-core": {
      "version": "3.1.2",
      "license": "MIT",
      "dependencies": {
        "@babel/parser": "^7.12.0",
        "@babel/types": "^7.12.0",
        "@vue/shared": "3.1.2",
        "estree-walker": "^2.0.1",
        "source-map": "^0.6.1"
      }
    },
    "node_modules/@vue/compiler-dom": {
      "version": "3.1.2",
      "license": "MIT",
      "dependencies": {
        "@vue/compiler-core": "3.1.2",
        "@vue/shared": "3.1.2"
      }
    },
    "node_modules/@vue/compiler-sfc": {
      "version": "3.1.2",
      "dev": true,
      "license": "MIT",
      "dependencies": {
        "@babel/parser": "^7.13.9",
        "@babel/types": "^7.13.0",
        "@types/estree": "^0.0.48",
        "@vue/compiler-core": "3.1.2",
        "@vue/compiler-dom": "3.1.2",
        "@vue/compiler-ssr": "3.1.2",
        "@vue/shared": "3.1.2",
        "consolidate": "^0.16.0",
        "estree-walker": "^2.0.1",
        "hash-sum": "^2.0.0",
        "lru-cache": "^5.1.1",
        "magic-string": "^0.25.7",
        "merge-source-map": "^1.1.0",
        "postcss": "^8.1.10",
        "postcss-modules": "^4.0.0",
        "postcss-selector-parser": "^6.0.4",
        "source-map": "^0.6.1"
      },
      "peerDependencies": {
        "vue": "3.1.2"
      }
    },
    "node_modules/@vue/compiler-ssr": {
      "version": "3.1.2",
      "dev": true,
      "license": "MIT",
      "dependencies": {
        "@vue/compiler-dom": "3.1.2",
        "@vue/shared": "3.1.2"
      }
    },
    "node_modules/@vue/devtools-api": {
      "version": "6.0.0-beta.14",
      "license": "MIT"
    },
    "node_modules/@vue/reactivity": {
      "version": "3.1.2",
      "license": "MIT",
      "dependencies": {
        "@vue/shared": "3.1.2"
      }
    },
    "node_modules/@vue/runtime-core": {
      "version": "3.1.2",
      "license": "MIT",
      "dependencies": {
        "@vue/reactivity": "3.1.2",
        "@vue/shared": "3.1.2"
      }
    },
    "node_modules/@vue/runtime-dom": {
      "version": "3.1.2",
      "license": "MIT",
      "dependencies": {
        "@vue/runtime-core": "3.1.2",
        "@vue/shared": "3.1.2",
        "csstype": "^2.6.8"
      }
    },
    "node_modules/@vue/shared": {
      "version": "3.1.2",
      "license": "MIT"
    },
    "node_modules/async-validator": {
      "version": "3.5.2",
      "license": "MIT"
    },
    "node_modules/axios": {
      "version": "0.21.1",
      "license": "MIT",
      "dependencies": {
        "follow-redirects": "^1.10.0"
      }
    },
    "node_modules/big.js": {
      "version": "5.2.2",
      "dev": true,
      "license": "MIT",
      "engines": {
        "node": "*"
      }
    },
    "node_modules/bluebird": {
      "version": "3.7.2",
      "dev": true,
      "license": "MIT"
    },
    "node_modules/colorette": {
      "version": "1.2.2",
      "dev": true,
      "license": "MIT"
    },
    "node_modules/consolidate": {
      "version": "0.16.0",
      "dev": true,
      "license": "MIT",
      "dependencies": {
        "bluebird": "^3.7.2"
      },
      "engines": {
        "node": ">= 0.10.0"
      }
    },
    "node_modules/core-js-pure": {
      "version": "3.15.1",
      "hasInstallScript": true,
      "license": "MIT",
      "funding": {
        "type": "opencollective",
        "url": "https://opencollective.com/core-js"
      }
    },
    "node_modules/cropperjs": {
      "version": "1.5.12",
      "license": "MIT"
    },
    "node_modules/cssesc": {
      "version": "3.0.0",
      "dev": true,
      "license": "MIT",
      "bin": {
        "cssesc": "bin/cssesc"
      },
      "engines": {
        "node": ">=4"
      }
    },
    "node_modules/csstype": {
      "version": "2.6.17",
      "license": "MIT"
    },
    "node_modules/dayjs": {
      "version": "1.10.5",
      "license": "MIT"
    },
    "node_modules/element-plus": {
      "version": "1.0.2-beta.52",
      "license": "MIT",
      "workspaces": [
        "packages/*"
      ],
      "dependencies": {
        "@popperjs/core": "^2.4.4",
        "@types/lodash": "^4.14.161",
        "async-validator": "^3.4.0",
        "dayjs": "1.x",
        "lodash": "^4.17.20",
        "mitt": "^2.1.0",
        "normalize-wheel": "^1.0.1",
        "resize-observer-polyfill": "^1.5.1"
      },
      "peerDependencies": {
        "vue": "3.1.1"
      }
    },
    "node_modules/emojis-list": {
      "version": "3.0.0",
      "dev": true,
      "license": "MIT",
      "engines": {
        "node": ">= 4"
      }
    },
    "node_modules/esbuild": {
      "version": "0.12.9",
      "dev": true,
      "hasInstallScript": true,
      "license": "MIT",
      "bin": {
        "esbuild": "bin/esbuild"
      }
    },
    "node_modules/estree-walker": {
      "version": "2.0.2",
      "license": "MIT"
    },
    "node_modules/follow-redirects": {
      "version": "1.14.1",
      "funding": [
        {
          "type": "individual",
          "url": "https://github.com/sponsors/RubenVerborgh"
        }
      ],
      "license": "MIT",
      "engines": {
        "node": ">=4.0"
      },
      "peerDependenciesMeta": {
        "debug": {
          "optional": true
        }
      }
    },
    "node_modules/fsevents": {
      "version": "2.3.2",
      "dev": true,
      "license": "MIT",
      "optional": true,
      "os": [
        "darwin"
      ],
      "engines": {
        "node": "^8.16.0 || ^10.6.0 || >=11.0.0"
      }
    },
    "node_modules/function-bind": {
      "version": "1.1.1",
      "dev": true,
      "license": "MIT"
    },
    "node_modules/generic-names": {
      "version": "2.0.1",
      "dev": true,
      "license": "MIT",
      "dependencies": {
        "loader-utils": "^1.1.0"
      }
    },
    "node_modules/has": {
      "version": "1.0.3",
      "dev": true,
      "license": "MIT",
      "dependencies": {
        "function-bind": "^1.1.1"
      },
      "engines": {
        "node": ">= 0.4.0"
      }
    },
    "node_modules/hash-sum": {
      "version": "2.0.0",
      "dev": true,
      "license": "MIT"
    },
    "node_modules/icss-replace-symbols": {
      "version": "1.1.0",
      "dev": true,
      "license": "ISC"
    },
    "node_modules/icss-utils": {
      "version": "5.1.0",
      "dev": true,
      "license": "ISC",
      "engines": {
        "node": "^10 || ^12 || >= 14"
      },
      "peerDependencies": {
        "postcss": "^8.1.0"
      }
    },
    "node_modules/is-core-module": {
      "version": "2.4.0",
      "dev": true,
      "license": "MIT",
      "dependencies": {
        "has": "^1.0.3"
      },
      "funding": {
        "url": "https://github.com/sponsors/ljharb"
      }
    },
    "node_modules/json5": {
      "version": "1.0.1",
      "dev": true,
      "license": "MIT",
      "dependencies": {
        "minimist": "^1.2.0"
      },
      "bin": {
        "json5": "lib/cli.js"
      }
    },
    "node_modules/loader-utils": {
      "version": "1.4.0",
      "dev": true,
      "license": "MIT",
      "dependencies": {
        "big.js": "^5.2.2",
        "emojis-list": "^3.0.0",
        "json5": "^1.0.1"
      },
      "engines": {
        "node": ">=4.0.0"
      }
    },
    "node_modules/lodash": {
      "version": "4.17.21",
      "license": "MIT"
    },
    "node_modules/lodash.camelcase": {
      "version": "4.3.0",
      "dev": true,
      "license": "MIT"
    },
    "node_modules/lru-cache": {
      "version": "5.1.1",
      "dev": true,
      "license": "ISC",
      "dependencies": {
        "yallist": "^3.0.2"
      }
    },
    "node_modules/magic-string": {
      "version": "0.25.7",
      "dev": true,
      "license": "MIT",
      "dependencies": {
        "sourcemap-codec": "^1.4.4"
      }
    },
    "node_modules/merge-source-map": {
      "version": "1.1.0",
      "dev": true,
      "license": "MIT",
      "dependencies": {
        "source-map": "^0.6.1"
      }
    },
    "node_modules/minimist": {
      "version": "1.2.5",
      "dev": true,
      "license": "MIT"
    },
    "node_modules/mitt": {
      "version": "2.1.0",
      "license": "MIT"
    },
    "node_modules/nanoid": {
      "version": "3.1.23",
      "dev": true,
      "license": "MIT",
      "bin": {
        "nanoid": "bin/nanoid.cjs"
      },
      "engines": {
        "node": "^10 || ^12 || ^13.7 || ^14 || >=15.0.1"
      }
    },
    "node_modules/normalize-wheel": {
      "version": "1.0.1",
      "license": "BSD-3-Clause"
    },
    "node_modules/path-parse": {
      "version": "1.0.7",
      "dev": true,
      "license": "MIT"
    },
    "node_modules/postcss": {
      "version": "8.3.5",
      "dev": true,
      "license": "MIT",
      "dependencies": {
        "colorette": "^1.2.2",
        "nanoid": "^3.1.23",
        "source-map-js": "^0.6.2"
      },
      "engines": {
        "node": "^10 || ^12 || >=14"
      },
      "funding": {
        "type": "opencollective",
        "url": "https://opencollective.com/postcss/"
      }
    },
    "node_modules/postcss-modules": {
      "version": "4.1.3",
      "dev": true,
      "license": "MIT",
      "dependencies": {
        "generic-names": "^2.0.1",
        "icss-replace-symbols": "^1.1.0",
        "lodash.camelcase": "^4.3.0",
        "postcss-modules-extract-imports": "^3.0.0",
        "postcss-modules-local-by-default": "^4.0.0",
        "postcss-modules-scope": "^3.0.0",
        "postcss-modules-values": "^4.0.0",
        "string-hash": "^1.1.1"
      },
      "peerDependencies": {
        "postcss": "^8.0.0"
      }
    },
    "node_modules/postcss-modules-extract-imports": {
      "version": "3.0.0",
      "dev": true,
      "license": "ISC",
      "engines": {
        "node": "^10 || ^12 || >= 14"
      },
      "peerDependencies": {
        "postcss": "^8.1.0"
      }
    },
    "node_modules/postcss-modules-local-by-default": {
      "version": "4.0.0",
      "dev": true,
      "license": "MIT",
      "dependencies": {
        "icss-utils": "^5.0.0",
        "postcss-selector-parser": "^6.0.2",
        "postcss-value-parser": "^4.1.0"
      },
      "engines": {
        "node": "^10 || ^12 || >= 14"
      },
      "peerDependencies": {
        "postcss": "^8.1.0"
      }
    },
    "node_modules/postcss-modules-scope": {
      "version": "3.0.0",
      "dev": true,
      "license": "ISC",
      "dependencies": {
        "postcss-selector-parser": "^6.0.4"
      },
      "engines": {
        "node": "^10 || ^12 || >= 14"
      },
      "peerDependencies": {
        "postcss": "^8.1.0"
      }
    },
    "node_modules/postcss-modules-values": {
      "version": "4.0.0",
      "dev": true,
      "license": "ISC",
      "dependencies": {
        "icss-utils": "^5.0.0"
      },
      "engines": {
        "node": "^10 || ^12 || >= 14"
      },
      "peerDependencies": {
        "postcss": "^8.1.0"
      }
    },
    "node_modules/postcss-selector-parser": {
      "version": "6.0.6",
      "dev": true,
      "license": "MIT",
      "dependencies": {
        "cssesc": "^3.0.0",
        "util-deprecate": "^1.0.2"
      },
      "engines": {
        "node": ">=4"
      }
    },
    "node_modules/postcss-value-parser": {
      "version": "4.1.0",
      "dev": true,
      "license": "MIT"
    },
    "node_modules/regenerator-runtime": {
      "version": "0.13.7",
      "license": "MIT"
    },
    "node_modules/resize-observer-polyfill": {
      "version": "1.5.1",
      "license": "MIT"
    },
    "node_modules/resolve": {
      "version": "1.20.0",
      "dev": true,
      "license": "MIT",
      "dependencies": {
        "is-core-module": "^2.2.0",
        "path-parse": "^1.0.6"
      },
      "funding": {
        "url": "https://github.com/sponsors/ljharb"
      }
    },
    "node_modules/rollup": {
      "version": "2.52.3",
      "dev": true,
      "license": "MIT",
      "bin": {
        "rollup": "dist/bin/rollup"
      },
      "engines": {
        "node": ">=10.0.0"
      },
      "optionalDependencies": {
        "fsevents": "~2.3.2"
      }
    },
    "node_modules/schart.js": {
      "version": "3.0.4",
      "license": "MIT"
    },
    "node_modules/source-map": {
      "version": "0.6.1",
      "license": "BSD-3-Clause",
      "engines": {
        "node": ">=0.10.0"
      }
    },
    "node_modules/source-map-js": {
      "version": "0.6.2",
      "dev": true,
      "license": "BSD-3-Clause",
      "engines": {
        "node": ">=0.10.0"
      }
    },
    "node_modules/sourcemap-codec": {
      "version": "1.4.8",
      "dev": true,
      "license": "MIT"
    },
    "node_modules/string-hash": {
      "version": "1.1.3",
      "dev": true,
      "license": "CC0-1.0"
    },
    "node_modules/to-fast-properties": {
      "version": "2.0.0",
      "license": "MIT",
      "engines": {
        "node": ">=4"
      }
    },
    "node_modules/tslib": {
      "version": "2.3.0",
      "license": "0BSD"
    },
    "node_modules/util-deprecate": {
      "version": "1.0.2",
      "dev": true,
      "license": "MIT"
    },
    "node_modules/vite": {
      "version": "2.3.7",
      "dev": true,
      "license": "MIT",
      "dependencies": {
        "esbuild": "^0.12.5",
        "postcss": "^8.3.0",
        "resolve": "^1.19.0",
        "rollup": "^2.38.5"
      },
      "bin": {
        "vite": "bin/vite.js"
      },
      "engines": {
        "node": ">=12.0.0"
      },
      "optionalDependencies": {
        "fsevents": "~2.3.1"
      }
    },
    "node_modules/vue": {
      "version": "3.1.2",
      "license": "MIT",
      "dependencies": {
        "@vue/compiler-dom": "3.1.2",
        "@vue/runtime-dom": "3.1.2",
        "@vue/shared": "3.1.2"
      }
    },
    "node_modules/vue-cropperjs": {
      "version": "5.0.0",
      "license": "MIT",
      "dependencies": {
        "cropperjs": "^1.5.6"
      },
      "peerDependencies": {
        "vue": ">=3.0.0"
      }
    },
    "node_modules/vue-i18n": {
      "version": "9.1.6",
      "license": "MIT",
      "dependencies": {
        "@intlify/core-base": "9.1.6",
        "@intlify/shared": "9.1.6",
        "@intlify/vue-devtools": "9.1.6",
        "@vue/devtools-api": "^6.0.0-beta.7"
      },
      "engines": {
        "node": ">= 10"
      },
      "peerDependencies": {
        "vue": "^3.0.0"
      }
    },
    "node_modules/vue-router": {
      "version": "4.0.10",
      "license": "MIT",
      "dependencies": {
        "@vue/devtools-api": "^6.0.0-beta.14"
      },
      "peerDependencies": {
        "vue": "^3.0.0"
      }
    },
    "node_modules/vue-schart": {
      "version": "2.0.0",
      "license": "MIT",
      "dependencies": {
        "schart.js": "^3.0.0"
      }
    },
    "node_modules/vuex": {
      "version": "4.0.2",
      "license": "MIT",
      "dependencies": {
        "@vue/devtools-api": "^6.0.0-beta.11"
      },
      "peerDependencies": {
        "vue": "^3.0.2"
      }
    },
    "node_modules/wangeditor": {
      "version": "4.7.4",
      "license": "MIT",
      "dependencies": {
        "@babel/runtime": "^7.11.2",
        "@babel/runtime-corejs3": "^7.11.2",
        "tslib": "^2.1.0"
      }
    },
    "node_modules/yallist": {
      "version": "3.1.1",
      "dev": true,
      "license": "ISC"
    }
  },
  "dependencies": {
    "@babel/helper-validator-identifier": {
      "version": "7.14.5"
    },
    "@babel/parser": {
      "version": "7.14.7"
    },
    "@babel/runtime": {
      "version": "7.14.6",
      "requires": {
        "regenerator-runtime": "^0.13.4"
      }
    },
    "@babel/runtime-corejs3": {
      "version": "7.14.7",
      "requires": {
        "core-js-pure": "^3.15.0",
        "regenerator-runtime": "^0.13.4"
      }
    },
    "@babel/types": {
      "version": "7.14.5",
      "requires": {
        "@babel/helper-validator-identifier": "^7.14.5",
        "to-fast-properties": "^2.0.0"
      }
    },
    "@intlify/core-base": {
      "version": "9.1.6",
      "requires": {
        "@intlify/devtools-if": "9.1.6",
        "@intlify/message-compiler": "9.1.6",
        "@intlify/message-resolver": "9.1.6",
        "@intlify/runtime": "9.1.6",
        "@intlify/shared": "9.1.6",
        "@intlify/vue-devtools": "9.1.6"
      }
    },
    "@intlify/devtools-if": {
      "version": "9.1.6",
      "requires": {
        "@intlify/shared": "9.1.6"
      }
    },
    "@intlify/message-compiler": {
      "version": "9.1.6",
      "requires": {
        "@intlify/message-resolver": "9.1.6",
        "@intlify/shared": "9.1.6",
        "source-map": "0.6.1"
      }
    },
    "@intlify/message-resolver": {
      "version": "9.1.6"
    },
    "@intlify/runtime": {
      "version": "9.1.6",
      "requires": {
        "@intlify/message-compiler": "9.1.6",
        "@intlify/message-resolver": "9.1.6",
        "@intlify/shared": "9.1.6"
      }
    },
    "@intlify/shared": {
      "version": "9.1.6"
    },
    "@intlify/vue-devtools": {
      "version": "9.1.6",
      "requires": {
        "@intlify/message-resolver": "9.1.6",
        "@intlify/runtime": "9.1.6",
        "@intlify/shared": "9.1.6"
      }
    },
    "@popperjs/core": {
      "version": "2.9.2"
    },
    "@types/estree": {
      "version": "0.0.48",
      "dev": true
    },
    "@types/lodash": {
      "version": "4.14.170"
    },
    "@vitejs/plugin-vue": {
      "version": "1.2.3",
      "dev": true,
      "requires": {}
    },
    "@vue/compiler-core": {
      "version": "3.1.2",
      "requires": {
        "@babel/parser": "^7.12.0",
        "@babel/types": "^7.12.0",
        "@vue/shared": "3.1.2",
        "estree-walker": "^2.0.1",
        "source-map": "^0.6.1"
      }
    },
    "@vue/compiler-dom": {
      "version": "3.1.2",
      "requires": {
        "@vue/compiler-core": "3.1.2",
        "@vue/shared": "3.1.2"
      }
    },
    "@vue/compiler-sfc": {
      "version": "3.1.2",
      "dev": true,
      "requires": {
        "@babel/parser": "^7.13.9",
        "@babel/types": "^7.13.0",
        "@types/estree": "^0.0.48",
        "@vue/compiler-core": "3.1.2",
        "@vue/compiler-dom": "3.1.2",
        "@vue/compiler-ssr": "3.1.2",
        "@vue/shared": "3.1.2",
        "consolidate": "^0.16.0",
        "estree-walker": "^2.0.1",
        "hash-sum": "^2.0.0",
        "lru-cache": "^5.1.1",
        "magic-string": "^0.25.7",
        "merge-source-map": "^1.1.0",
        "postcss": "^8.1.10",
        "postcss-modules": "^4.0.0",
        "postcss-selector-parser": "^6.0.4",
        "source-map": "^0.6.1"
      }
    },
    "@vue/compiler-ssr": {
      "version": "3.1.2",
      "dev": true,
      "requires": {
        "@vue/compiler-dom": "3.1.2",
        "@vue/shared": "3.1.2"
      }
    },
    "@vue/devtools-api": {
      "version": "6.0.0-beta.14"
    },
    "@vue/reactivity": {
      "version": "3.1.2",
      "requires": {
        "@vue/shared": "3.1.2"
      }
    },
    "@vue/runtime-core": {
      "version": "3.1.2",
      "requires": {
        "@vue/reactivity": "3.1.2",
        "@vue/shared": "3.1.2"
      }
    },
    "@vue/runtime-dom": {
      "version": "3.1.2",
      "requires": {
        "@vue/runtime-core": "3.1.2",
        "@vue/shared": "3.1.2",
        "csstype": "^2.6.8"
      }
    },
    "@vue/shared": {
      "version": "3.1.2"
    },
    "async-validator": {
      "version": "3.5.2"
    },
    "axios": {
      "version": "0.21.1",
      "requires": {
        "follow-redirects": "^1.10.0"
      }
    },
    "big.js": {
      "version": "5.2.2",
      "dev": true
    },
    "bluebird": {
      "version": "3.7.2",
      "dev": true
    },
    "colorette": {
      "version": "1.2.2",
      "dev": true
    },
    "consolidate": {
      "version": "0.16.0",
      "dev": true,
      "requires": {
        "bluebird": "^3.7.2"
      }
    },
    "core-js-pure": {
      "version": "3.15.1"
    },
    "cropperjs": {
      "version": "1.5.12"
    },
    "cssesc": {
      "version": "3.0.0",
      "dev": true
    },
    "csstype": {
      "version": "2.6.17"
    },
    "dayjs": {
      "version": "1.10.5"
    },
    "element-plus": {
      "version": "1.0.2-beta.52",
      "requires": {
        "@popperjs/core": "^2.4.4",
        "@types/lodash": "^4.14.161",
        "async-validator": "^3.4.0",
        "dayjs": "1.x",
        "lodash": "^4.17.20",
        "mitt": "^2.1.0",
        "normalize-wheel": "^1.0.1",
        "resize-observer-polyfill": "^1.5.1"
      }
    },
    "emojis-list": {
      "version": "3.0.0",
      "dev": true
    },
    "esbuild": {
      "version": "0.12.9",
      "dev": true
    },
    "estree-walker": {
      "version": "2.0.2"
    },
    "follow-redirects": {
      "version": "1.14.1"
    },
    "fsevents": {
      "version": "2.3.2",
      "dev": true,
      "optional": true
    },
    "function-bind": {
      "version": "1.1.1",
      "dev": true
    },
    "generic-names": {
      "version": "2.0.1",
      "dev": true,
      "requires": {
        "loader-utils": "^1.1.0"
      }
    },
    "has": {
      "version": "1.0.3",
      "dev": true,
      "requires": {
        "function-bind": "^1.1.1"
      }
    },
    "hash-sum": {
      "version": "2.0.0",
      "dev": true
    },
    "icss-replace-symbols": {
      "version": "1.1.0",
      "dev": true
    },
    "icss-utils": {
      "version": "5.1.0",
      "dev": true,
      "requires": {}
    },
    "is-core-module": {
      "version": "2.4.0",
      "dev": true,
      "requires": {
        "has": "^1.0.3"
      }
    },
    "json5": {
      "version": "1.0.1",
      "dev": true,
      "requires": {
        "minimist": "^1.2.0"
      }
    },
    "loader-utils": {
      "version": "1.4.0",
      "dev": true,
      "requires": {
        "big.js": "^5.2.2",
        "emojis-list": "^3.0.0",
        "json5": "^1.0.1"
      }
    },
    "lodash": {
      "version": "4.17.21"
    },
    "lodash.camelcase": {
      "version": "4.3.0",
      "dev": true
    },
    "lru-cache": {
      "version": "5.1.1",
      "dev": true,
      "requires": {
        "yallist": "^3.0.2"
      }
    },
    "magic-string": {
      "version": "0.25.7",
      "dev": true,
      "requires": {
        "sourcemap-codec": "^1.4.4"
      }
    },
    "merge-source-map": {
      "version": "1.1.0",
      "dev": true,
      "requires": {
        "source-map": "^0.6.1"
      }
    },
    "minimist": {
      "version": "1.2.5",
      "dev": true
    },
    "mitt": {
      "version": "2.1.0"
    },
    "nanoid": {
      "version": "3.1.23",
      "dev": true
    },
    "normalize-wheel": {
      "version": "1.0.1"
    },
    "path-parse": {
      "version": "1.0.7",
      "dev": true
    },
    "postcss": {
      "version": "8.3.5",
      "dev": true,
      "requires": {
        "colorette": "^1.2.2",
        "nanoid": "^3.1.23",
        "source-map-js": "^0.6.2"
      }
    },
    "postcss-modules": {
      "version": "4.1.3",
      "dev": true,
      "requires": {
        "generic-names": "^2.0.1",
        "icss-replace-symbols": "^1.1.0",
        "lodash.camelcase": "^4.3.0",
        "postcss-modules-extract-imports": "^3.0.0",
        "postcss-modules-local-by-default": "^4.0.0",
        "postcss-modules-scope": "^3.0.0",
        "postcss-modules-values": "^4.0.0",
        "string-hash": "^1.1.1"
      }
    },
    "postcss-modules-extract-imports": {
      "version": "3.0.0",
      "dev": true,
      "requires": {}
    },
    "postcss-modules-local-by-default": {
      "version": "4.0.0",
      "dev": true,
      "requires": {
        "icss-utils": "^5.0.0",
        "postcss-selector-parser": "^6.0.2",
        "postcss-value-parser": "^4.1.0"
      }
    },
    "postcss-modules-scope": {
      "version": "3.0.0",
      "dev": true,
      "requires": {
        "postcss-selector-parser": "^6.0.4"
      }
    },
    "postcss-modules-values": {
      "version": "4.0.0",
      "dev": true,
      "requires": {
        "icss-utils": "^5.0.0"
      }
    },
    "postcss-selector-parser": {
      "version": "6.0.6",
      "dev": true,
      "requires": {
        "cssesc": "^3.0.0",
        "util-deprecate": "^1.0.2"
      }
    },
    "postcss-value-parser": {
      "version": "4.1.0",
      "dev": true
    },
    "regenerator-runtime": {
      "version": "0.13.7"
    },
    "resize-observer-polyfill": {
      "version": "1.5.1"
    },
    "resolve": {
      "version": "1.20.0",
      "dev": true,
      "requires": {
        "is-core-module": "^2.2.0",
        "path-parse": "^1.0.6"
      }
    },
    "rollup": {
      "version": "2.52.3",
      "dev": true,
      "requires": {
        "fsevents": "~2.3.2"
      }
    },
    "schart.js": {
      "version": "3.0.4"
    },
    "source-map": {
      "version": "0.6.1"
    },
    "source-map-js": {
      "version": "0.6.2",
      "dev": true
    },
    "sourcemap-codec": {
      "version": "1.4.8",
      "dev": true
    },
    "string-hash": {
      "version": "1.1.3",
      "dev": true
    },
    "to-fast-properties": {
      "version": "2.0.0"
    },
    "tslib": {
      "version": "2.3.0"
    },
    "util-deprecate": {
      "version": "1.0.2",
      "dev": true
    },
    "vite": {
      "version": "2.3.7",
      "dev": true,
      "requires": {
        "esbuild": "^0.12.5",
        "fsevents": "~2.3.1",
        "postcss": "^8.3.0",
        "resolve": "^1.19.0",
        "rollup": "^2.38.5"
      }
    },
    "vue": {
      "version": "3.1.2",
      "requires": {
        "@vue/compiler-dom": "3.1.2",
        "@vue/runtime-dom": "3.1.2",
        "@vue/shared": "3.1.2"
      }
    },
    "vue-cropperjs": {
      "version": "5.0.0",
      "requires": {
        "cropperjs": "^1.5.6"
      }
    },
    "vue-i18n": {
      "version": "9.1.6",
      "requires": {
        "@intlify/core-base": "9.1.6",
        "@intlify/shared": "9.1.6",
        "@intlify/vue-devtools": "9.1.6",
        "@vue/devtools-api": "^6.0.0-beta.7"
      }
    },
    "vue-router": {
      "version": "4.0.10",
      "requires": {
        "@vue/devtools-api": "^6.0.0-beta.14"
      }
    },
    "vue-schart": {
      "version": "2.0.0",
      "requires": {
        "schart.js": "^3.0.0"
      }
    },
    "vuex": {
      "version": "4.0.2",
      "requires": {
        "@vue/devtools-api": "^6.0.0-beta.11"
      }
    },
    "wangeditor": {
      "version": "4.7.4",
      "requires": {
        "@babel/runtime": "^7.11.2",
        "@babel/runtime-corejs3": "^7.11.2",
        "tslib": "^2.1.0"
      }
    },
    "yallist": {
      "version": "3.1.1",
      "dev": true
    }
  }
}
